// !$*UTF8*$!
{
	archiveVersion = 1;
	classes = {
	};
	objectVersion = 48;
	objects = {

/* Begin PBXBuildFile section */
		4424ABADEDD7B67EF415F93B /* libPods-BLEClient.a in Frameworks */ = {isa = PBXBuildFile; fileRef = 6B7C9B64FC0B2490A769A238 /* libPods-BLEClient.a */; };
		77039F132035D66800BE574C /* BLEManager.m in Sources */ = {isa = PBXBuildFile; fileRef = 77039F122035D66800BE574C /* BLEManager.m */; };
		770B73B920288D310099BC63 /* AppDelegate.m in Sources */ = {isa = PBXBuildFile; fileRef = 770B73B820288D310099BC63 /* AppDelegate.m */; };
		770B73BC20288D310099BC63 /* MainViewController.m in Sources */ = {isa = PBXBuildFile; fileRef = 770B73BB20288D310099BC63 /* MainViewController.m */; };
		770B73BF20288D310099BC63 /* Main.storyboard in Resources */ = {isa = PBXBuildFile; fileRef = 770B73BD20288D310099BC63 /* Main.storyboard */; };
		770B73C120288D310099BC63 /* Assets.xcassets in Resources */ = {isa = PBXBuildFile; fileRef = 770B73C020288D310099BC63 /* Assets.xcassets */; };
		770B73C420288D310099BC63 /* LaunchScreen.storyboard in Resources */ = {isa = PBXBuildFile; fileRef = 770B73C220288D310099BC63 /* LaunchScreen.storyboard */; };
		770B73C720288D310099BC63 /* main.m in Sources */ = {isa = PBXBuildFile; fileRef = 770B73C620288D310099BC63 /* main.m */; };
		7714E858203C57FD00AEAA33 /* BLECentralManager.m in Sources */ = {isa = PBXBuildFile; fileRef = 7714E857203C57FD00AEAA33 /* BLECentralManager.m */; };
		7775689F203318E8006CCC57 /* UDPManager.m in Sources */ = {isa = PBXBuildFile; fileRef = 7775689E203318E8006CCC57 /* UDPManager.m */; };
		778CF08F202B223C0018B009 /* CharTableViewCell.m in Sources */ = {isa = PBXBuildFile; fileRef = 778CF08E202B223C0018B009 /* CharTableViewCell.m */; };
		778CF092202DA1960018B009 /* Periphery.m in Sources */ = {isa = PBXBuildFile; fileRef = 778CF091202DA1960018B009 /* Periphery.m */; };
		77B904A1203C51770050DD0E /* AMService.m in Sources */ = {isa = PBXBuildFile; fileRef = 77B904A0203C51770050DD0E /* AMService.m */; };
		77B904A5203C51AC0050DD0E /* AMCharacteristics.m in Sources */ = {isa = PBXBuildFile; fileRef = 77B904A4203C51AC0050DD0E /* AMCharacteristics.m */; };
		77B904A9203C52810050DD0E /* AMPeripheral.m in Sources */ = {isa = PBXBuildFile; fileRef = 77B904A8203C52810050DD0E /* AMPeripheral.m */; };
		77C3D8852043128400ED7CB0 /* BridgeDelegate.h in Sources */ = {isa = PBXBuildFile; fileRef = 77C3D8842043128400ED7CB0 /* BridgeDelegate.h */; };
/* End PBXBuildFile section */

/* Begin PBXFileReference section */
		3386A72B9DF7AABF34E59FB6 /* Pods-BLEClient.debug.xcconfig */ = {isa = PBXFileReference; includeInIndex = 1; lastKnownFileType = text.xcconfig; name = "Pods-BLEClient.debug.xcconfig"; path = "Pods/Target Support Files/Pods-BLEClient/Pods-BLEClient.debug.xcconfig"; sourceTree = "<group>"; };
		6B7C9B64FC0B2490A769A238 /* libPods-BLEClient.a */ = {isa = PBXFileReference; explicitFileType = archive.ar; includeInIndex = 0; path = "libPods-BLEClient.a"; sourceTree = BUILT_PRODUCTS_DIR; };
		77039F112035D66800BE574C /* BLEManager.h */ = {isa = PBXFileReference; lastKnownFileType = sourcecode.c.h; path = BLEManager.h; sourceTree = "<group>"; };
		77039F122035D66800BE574C /* BLEManager.m */ = {isa = PBXFileReference; lastKnownFileType = sourcecode.c.objc; path = BLEManager.m; sourceTree = "<group>"; };
		770B73B420288D310099BC63 /* BLEClient.app */ = {isa = PBXFileReference; explicitFileType = wrapper.application; includeInIndex = 0; path = BLEClient.app; sourceTree = BUILT_PRODUCTS_DIR; };
		770B73B720288D310099BC63 /* AppDelegate.h */ = {isa = PBXFileReference; lastKnownFileType = sourcecode.c.h; path = AppDelegate.h; sourceTree = "<group>"; };
		770B73B820288D310099BC63 /* AppDelegate.m */ = {isa = PBXFileReference; lastKnownFileType = sourcecode.c.objc; path = AppDelegate.m; sourceTree = "<group>"; };
		770B73BA20288D310099BC63 /* MainViewController.h */ = {isa = PBXFileReference; lastKnownFileType = sourcecode.c.h; path = MainViewController.h; sourceTree = "<group>"; };
		770B73BB20288D310099BC63 /* MainViewController.m */ = {isa = PBXFileReference; lastKnownFileType = sourcecode.c.objc; path = MainViewController.m; sourceTree = "<group>"; };
		770B73BE20288D310099BC63 /* Base */ = {isa = PBXFileReference; lastKnownFileType = file.storyboard; name = Base; path = Base.lproj/Main.storyboard; sourceTree = "<group>"; };
		770B73C020288D310099BC63 /* Assets.xcassets */ = {isa = PBXFileReference; lastKnownFileType = folder.assetcatalog; path = Assets.xcassets; sourceTree = "<group>"; };
		770B73C320288D310099BC63 /* Base */ = {isa = PBXFileReference; lastKnownFileType = file.storyboard; name = Base; path = Base.lproj/LaunchScreen.storyboard; sourceTree = "<group>"; };
		770B73C520288D310099BC63 /* Info.plist */ = {isa = PBXFileReference; lastKnownFileType = text.plist.xml; path = Info.plist; sourceTree = "<group>"; };
		770B73C620288D310099BC63 /* main.m */ = {isa = PBXFileReference; lastKnownFileType = sourcecode.c.objc; path = main.m; sourceTree = "<group>"; };
		7714E856203C57FD00AEAA33 /* BLECentralManager.h */ = {isa = PBXFileReference; lastKnownFileType = sourcecode.c.h; path = BLECentralManager.h; sourceTree = "<group>"; };
		7714E857203C57FD00AEAA33 /* BLECentralManager.m */ = {isa = PBXFileReference; lastKnownFileType = sourcecode.c.objc; path = BLECentralManager.m; sourceTree = "<group>"; };
		7775689D203318E8006CCC57 /* UDPManager.h */ = {isa = PBXFileReference; lastKnownFileType = sourcecode.c.h; path = UDPManager.h; sourceTree = "<group>"; };
		7775689E203318E8006CCC57 /* UDPManager.m */ = {isa = PBXFileReference; lastKnownFileType = sourcecode.c.objc; path = UDPManager.m; sourceTree = "<group>"; };
		778CF08D202B223C0018B009 /* CharTableViewCell.h */ = {isa = PBXFileReference; lastKnownFileType = sourcecode.c.h; path = CharTableViewCell.h; sourceTree = "<group>"; };
		778CF08E202B223C0018B009 /* CharTableViewCell.m */ = {isa = PBXFileReference; lastKnownFileType = sourcecode.c.objc; path = CharTableViewCell.m; sourceTree = "<group>"; };
		778CF090202DA1960018B009 /* Periphery.h */ = {isa = PBXFileReference; lastKnownFileType = sourcecode.c.h; path = Periphery.h; sourceTree = "<group>"; };
		778CF091202DA1960018B009 /* Periphery.m */ = {isa = PBXFileReference; lastKnownFileType = sourcecode.c.objc; path = Periphery.m; sourceTree = "<group>"; };
		77B9049F203C51770050DD0E /* AMService.h */ = {isa = PBXFileReference; lastKnownFileType = sourcecode.c.h; path = AMService.h; sourceTree = "<group>"; };
		77B904A0203C51770050DD0E /* AMService.m */ = {isa = PBXFileReference; lastKnownFileType = sourcecode.c.objc; path = AMService.m; sourceTree = "<group>"; };
		77B904A3203C51AC0050DD0E /* AMCharacteristics.h */ = {isa = PBXFileReference; lastKnownFileType = sourcecode.c.h; path = AMCharacteristics.h; sourceTree = "<group>"; };
		77B904A4203C51AC0050DD0E /* AMCharacteristics.m */ = {isa = PBXFileReference; lastKnownFileType = sourcecode.c.objc; path = AMCharacteristics.m; sourceTree = "<group>"; };
		77B904A7203C52810050DD0E /* AMPeripheral.h */ = {isa = PBXFileReference; lastKnownFileType = sourcecode.c.h; path = AMPeripheral.h; sourceTree = "<group>"; };
		77B904A8203C52810050DD0E /* AMPeripheral.m */ = {isa = PBXFileReference; lastKnownFileType = sourcecode.c.objc; path = AMPeripheral.m; sourceTree = "<group>"; };
		77C3D8842043128400ED7CB0 /* BridgeDelegate.h */ = {isa = PBXFileReference; lastKnownFileType = sourcecode.c.h; path = BridgeDelegate.h; sourceTree = "<group>"; };
		FD2C8D1B6B559C7CF8E0C27A /* Pods-BLEClient.release.xcconfig */ = {isa = PBXFileReference; includeInIndex = 1; lastKnownFileType = text.xcconfig; name = "Pods-BLEClient.release.xcconfig"; path = "Pods/Target Support Files/Pods-BLEClient/Pods-BLEClient.release.xcconfig"; sourceTree = "<group>"; };
/* End PBXFileReference section */

/* Begin PBXFrameworksBuildPhase section */
		770B73B120288D310099BC63 /* Frameworks */ = {
			isa = PBXFrameworksBuildPhase;
			buildActionMask = 2147483647;
			files = (
				4424ABADEDD7B67EF415F93B /* libPods-BLEClient.a in Frameworks */,
			);
			runOnlyForDeploymentPostprocessing = 0;
		};
/* End PBXFrameworksBuildPhase section */

/* Begin PBXGroup section */
		42E93A3A2A6482964FFA7851 /* Pods */ = {
			isa = PBXGroup;
			children = (
				3386A72B9DF7AABF34E59FB6 /* Pods-BLEClient.debug.xcconfig */,
				FD2C8D1B6B559C7CF8E0C27A /* Pods-BLEClient.release.xcconfig */,
			);
			name = Pods;
			sourceTree = "<group>";
		};
		77039F142036EF1E00BE574C /* BLEManager */ = {
			isa = PBXGroup;
			children = (
				77B904A6203C51B60050DD0E /* Characteristics */,
				77B904A2203C51850050DD0E /* Service */,
				77B904AA203C52880050DD0E /* Peripheral */,
				7714E856203C57FD00AEAA33 /* BLECentralManager.h */,
				7714E857203C57FD00AEAA33 /* BLECentralManager.m */,
				77C3D8842043128400ED7CB0 /* BridgeDelegate.h */,
			);
			path = BLEManager;
			sourceTree = "<group>";
		};
		77039F152036EF8200BE574C /* View */ = {
			isa = PBXGroup;
			children = (
				778CF08D202B223C0018B009 /* CharTableViewCell.h */,
				778CF08E202B223C0018B009 /* CharTableViewCell.m */,
			);
			path = View;
			sourceTree = "<group>";
		};
		770B73AB20288D310099BC63 = {
			isa = PBXGroup;
			children = (
				770B73B620288D310099BC63 /* BLEClient */,
				770B73B520288D310099BC63 /* Products */,
				42E93A3A2A6482964FFA7851 /* Pods */,
				E4036ADD350C30DE76885BD1 /* Frameworks */,
			);
			sourceTree = "<group>";
		};
		770B73B520288D310099BC63 /* Products */ = {
			isa = PBXGroup;
			children = (
				770B73B420288D310099BC63 /* BLEClient.app */,
			);
			name = Products;
			sourceTree = "<group>";
		};
		770B73B620288D310099BC63 /* BLEClient */ = {
			isa = PBXGroup;
			children = (
				770B73B720288D310099BC63 /* AppDelegate.h */,
				770B73B820288D310099BC63 /* AppDelegate.m */,
				7714E859203D408200AEAA33 /* BLEOld */,
				77039F152036EF8200BE574C /* View */,
				77B904AB203C52B50050DD0E /* UDPManager */,
				77039F142036EF1E00BE574C /* BLEManager */,
				770B73BA20288D310099BC63 /* MainViewController.h */,
				770B73BB20288D310099BC63 /* MainViewController.m */,
				778CF090202DA1960018B009 /* Periphery.h */,
				778CF091202DA1960018B009 /* Periphery.m */,
				770B73C020288D310099BC63 /* Assets.xcassets */,
				770B73BD20288D310099BC63 /* Main.storyboard */,
				770B73C220288D310099BC63 /* LaunchScreen.storyboard */,
				770B73C520288D310099BC63 /* Info.plist */,
				770B73C620288D310099BC63 /* main.m */,
			);
			path = BLEClient;
			sourceTree = "<group>";
		};
		7714E859203D408200AEAA33 /* BLEOld */ = {
			isa = PBXGroup;
			children = (
				77039F112035D66800BE574C /* BLEManager.h */,
				77039F122035D66800BE574C /* BLEManager.m */,
			);
			path = BLEOld;
			sourceTree = "<group>";
		};
		77B904A2203C51850050DD0E /* Service */ = {
			isa = PBXGroup;
			children = (
				77B9049F203C51770050DD0E /* AMService.h */,
				77B904A0203C51770050DD0E /* AMService.m */,
			);
			path = Service;
			sourceTree = "<group>";
		};
		77B904A6203C51B60050DD0E /* Characteristics */ = {
			isa = PBXGroup;
			children = (
				77B904A3203C51AC0050DD0E /* AMCharacteristics.h */,
				77B904A4203C51AC0050DD0E /* AMCharacteristics.m */,
			);
			path = Characteristics;
			sourceTree = "<group>";
		};
		77B904AA203C52880050DD0E /* Peripheral */ = {
			isa = PBXGroup;
			children = (
				77B904A7203C52810050DD0E /* AMPeripheral.h */,
				77B904A8203C52810050DD0E /* AMPeripheral.m */,
			);
			path = Peripheral;
			sourceTree = "<group>";
		};
		77B904AB203C52B50050DD0E /* UDPManager */ = {
			isa = PBXGroup;
			children = (
				7775689D203318E8006CCC57 /* UDPManager.h */,
				7775689E203318E8006CCC57 /* UDPManager.m */,
			);
			path = UDPManager;
			sourceTree = "<group>";
		};
		E4036ADD350C30DE76885BD1 /* Frameworks */ = {
			isa = PBXGroup;
			children = (
				6B7C9B64FC0B2490A769A238 /* libPods-BLEClient.a */,
			);
			name = Frameworks;
			sourceTree = "<group>";
		};
/* End PBXGroup section */

/* Begin PBXNativeTarget section */
		770B73B320288D310099BC63 /* BLEClient */ = {
			isa = PBXNativeTarget;
			buildConfigurationList = 770B73CA20288D310099BC63 /* Build configuration list for PBXNativeTarget "BLEClient" */;
			buildPhases = (
				2BDA7194E0E41E8256FA18C8 /* [CP] Check Pods Manifest.lock */,
				770B73B020288D310099BC63 /* Sources */,
				770B73B120288D310099BC63 /* Frameworks */,
				770B73B220288D310099BC63 /* Resources */,
				3832ADC0C51541BBB29717ED /* [CP] Embed Pods Frameworks */,
				6205CD645DE06ECAECF82D03 /* [CP] Copy Pods Resources */,
			);
			buildRules = (
			);
			dependencies = (
			);
			name = BLEClient;
			productName = BLEClient;
			productReference = 770B73B420288D310099BC63 /* BLEClient.app */;
			productType = "com.apple.product-type.application";
		};
/* End PBXNativeTarget section */

/* Begin PBXProject section */
		770B73AC20288D310099BC63 /* Project object */ = {
			isa = PBXProject;
			attributes = {
				LastUpgradeCheck = 0920;
				ORGANIZATIONNAME = "Anton Makarov";
				TargetAttributes = {
					770B73B320288D310099BC63 = {
						CreatedOnToolsVersion = 9.2;
						ProvisioningStyle = Automatic;
						SystemCapabilities = {
							com.apple.BackgroundModes = {
								enabled = 1;
							};
						};
					};
				};
			};
			buildConfigurationList = 770B73AF20288D310099BC63 /* Build configuration list for PBXProject "BLEClient" */;
			compatibilityVersion = "Xcode 8.0";
			developmentRegion = en;
			hasScannedForEncodings = 0;
			knownRegions = (
				en,
				Base,
			);
			mainGroup = 770B73AB20288D310099BC63;
			productRefGroup = 770B73B520288D310099BC63 /* Products */;
			projectDirPath = "";
			projectRoot = "";
			targets = (
				770B73B320288D310099BC63 /* BLEClient */,
			);
		};
/* End PBXProject section */

/* Begin PBXResourcesBuildPhase section */
		770B73B220288D310099BC63 /* Resources */ = {
			isa = PBXResourcesBuildPhase;
			buildActionMask = 2147483647;
			files = (
				770B73C420288D310099BC63 /* LaunchScreen.storyboard in Resources */,
				770B73C120288D310099BC63 /* Assets.xcassets in Resources */,
				770B73BF20288D310099BC63 /* Main.storyboard in Resources */,
			);
			runOnlyForDeploymentPostprocessing = 0;
		};
/* End PBXResourcesBuildPhase section */

/* Begin PBXShellScriptBuildPhase section */
		2BDA7194E0E41E8256FA18C8 /* [CP] Check Pods Manifest.lock */ = {
			isa = PBXShellScriptBuildPhase;
			buildActionMask = 2147483647;
			files = (
			);
			inputPaths = (
			);
			name = "[CP] Check Pods Manifest.lock";
			outputPaths = (
			);
			runOnlyForDeploymentPostprocessing = 0;
			shellPath = /bin/sh;
			shellScript = "diff \"${PODS_ROOT}/../Podfile.lock\" \"${PODS_ROOT}/Manifest.lock\" > /dev/null\nif [ $? != 0 ] ; then\n    # print error to STDERR\n    echo \"error: The sandbox is not in sync with the Podfile.lock. Run 'pod install' or update your CocoaPods installation.\" >&2\n    exit 1\nfi\n";
			showEnvVarsInLog = 0;
		};
		3832ADC0C51541BBB29717ED /* [CP] Embed Pods Frameworks */ = {
			isa = PBXShellScriptBuildPhase;
			buildActionMask = 2147483647;
			files = (
			);
			inputPaths = (
			);
			name = "[CP] Embed Pods Frameworks";
			outputPaths = (
			);
			runOnlyForDeploymentPostprocessing = 0;
			shellPath = /bin/sh;
			shellScript = "\"${SRCROOT}/Pods/Target Support Files/Pods-BLEClient/Pods-BLEClient-frameworks.sh\"\n";
			showEnvVarsInLog = 0;
		};
		6205CD645DE06ECAECF82D03 /* [CP] Copy Pods Resources */ = {
			isa = PBXShellScriptBuildPhase;
			buildActionMask = 2147483647;
			files = (
			);
			inputPaths = (
			);
			name = "[CP] Copy Pods Resources";
			outputPaths = (
			);
			runOnlyForDeploymentPostprocessing = 0;
			shellPath = /bin/sh;
			shellScript = "\"${SRCROOT}/Pods/Target Support Files/Pods-BLEClient/Pods-BLEClient-resources.sh\"\n";
			showEnvVarsInLog = 0;
		};
/* End PBXShellScriptBuildPhase section */

/* Begin PBXSourcesBuildPhase section */
		770B73B020288D310099BC63 /* Sources */ = {
			isa = PBXSourcesBuildPhase;
			buildActionMask = 2147483647;
			files = (
				770B73BC20288D310099BC63 /* MainViewController.m in Sources */,
				778CF092202DA1960018B009 /* Periphery.m in Sources */,
				77039F132035D66800BE574C /* BLEManager.m in Sources */,
				77B904A5203C51AC0050DD0E /* AMCharacteristics.m in Sources */,
				770B73C720288D310099BC63 /* main.m in Sources */,
				77B904A9203C52810050DD0E /* AMPeripheral.m in Sources */,
				7714E858203C57FD00AEAA33 /* BLECentralManager.m in Sources */,
				77C3D8852043128400ED7CB0 /* BridgeDelegate.h in Sources */,
				7775689F203318E8006CCC57 /* UDPManager.m in Sources */,
				77B904A1203C51770050DD0E /* AMService.m in Sources */,
				770B73B920288D310099BC63 /* AppDelegate.m in Sources */,
				778CF08F202B223C0018B009 /* CharTableViewCell.m in Sources */,
			);
			runOnlyForDeploymentPostprocessing = 0;
		};
/* End PBXSourcesBuildPhase section */

/* Begin PBXVariantGroup section */
		770B73BD20288D310099BC63 /* Main.storyboard */ = {
			isa = PBXVariantGroup;
			children = (
				770B73BE20288D310099BC63 /* Base */,
			);
			name = Main.storyboard;
			sourceTree = "<group>";
		};
		770B73C220288D310099BC63 /* LaunchScreen.storyboard */ = {
			isa = PBXVariantGroup;
			children = (
				770B73C320288D310099BC63 /* Base */,
			);
			name = LaunchScreen.storyboard;
			sourceTree = "<group>";
		};
/* End PBXVariantGroup section */

/* Begin XCBuildConfiguration section */
		770B73C820288D310099BC63 /* Debug */ = {
			isa = XCBuildConfiguration;
			buildSettings = {
				ALWAYS_SEARCH_USER_PATHS = NO;
				CLANG_ANALYZER_NONNULL = YES;
				CLANG_ANALYZER_NUMBER_OBJECT_CONVERSION = YES_AGGRESSIVE;
				CLANG_CXX_LANGUAGE_STANDARD = "gnu++14";
				CLANG_CXX_LIBRARY = "libc++";
				CLANG_ENABLE_MODULES = YES;
				CLANG_ENABLE_OBJC_ARC = YES;
				CLANG_WARN_BLOCK_CAPTURE_AUTORELEASING = YES;
				CLANG_WARN_BOOL_CONVERSION = YES;
				CLANG_WARN_COMMA = YES;
				CLANG_WARN_CONSTANT_CONVERSION = YES;
				CLANG_WARN_DIRECT_OBJC_ISA_USAGE = YES_ERROR;
				CLANG_WARN_DOCUMENTATION_COMMENTS = YES;
				CLANG_WARN_EMPTY_BODY = YES;
				CLANG_WARN_ENUM_CONVERSION = YES;
				CLANG_WARN_INFINITE_RECURSION = YES;
				CLANG_WARN_INT_CONVERSION = YES;
				CLANG_WARN_NON_LITERAL_NULL_CONVERSION = YES;
				CLANG_WARN_OBJC_LITERAL_CONVERSION = YES;
				CLANG_WARN_OBJC_ROOT_CLASS = YES_ERROR;
				CLANG_WARN_RANGE_LOOP_ANALYSIS = YES;
				CLANG_WARN_STRICT_PROTOTYPES = YES;
				CLANG_WARN_SUSPICIOUS_MOVE = YES;
				CLANG_WARN_UNGUARDED_AVAILABILITY = YES_AGGRESSIVE;
				CLANG_WARN_UNREACHABLE_CODE = YES;
				CLANG_WARN__DUPLICATE_METHOD_MATCH = YES;
				CODE_SIGN_IDENTITY = "iPhone Developer";
				COPY_PHASE_STRIP = NO;
				DEBUG_INFORMATION_FORMAT = dwarf;
				ENABLE_STRICT_OBJC_MSGSEND = YES;
				ENABLE_TESTABILITY = YES;
				GCC_C_LANGUAGE_STANDARD = gnu11;
				GCC_DYNAMIC_NO_PIC = NO;
				GCC_NO_COMMON_BLOCKS = YES;
				GCC_OPTIMIZATION_LEVEL = 0;
				GCC_PREPROCESSOR_DEFINITIONS = (
					"DEBUG=1",
					"$(inherited)",
				);
				GCC_WARN_64_TO_32_BIT_CONVERSION = YES;
				GCC_WARN_ABOUT_RETURN_TYPE = YES_ERROR;
				GCC_WARN_UNDECLARED_SELECTOR = YES;
				GCC_WARN_UNINITIALIZED_AUTOS = YES_AGGRESSIVE;
				GCC_WARN_UNUSED_FUNCTION = YES;
				GCC_WARN_UNUSED_VARIABLE = YES;
				IPHONEOS_DEPLOYMENT_TARGET = 11.2;
				MTL_ENABLE_DEBUG_INFO = YES;
				ONLY_ACTIVE_ARCH = YES;
				SDKROOT = iphoneos;
			};
			name = Debug;
		};
		770B73C920288D310099BC63 /* Release */ = {
			isa = XCBuildConfiguration;
			buildSettings = {
				ALWAYS_SEARCH_USER_PATHS = NO;
				CLANG_ANALYZER_NONNULL = YES;
				CLANG_ANALYZER_NUMBER_OBJECT_CONVERSION = YES_AGGRESSIVE;
				CLANG_CXX_LANGUAGE_STANDARD = "gnu++14";
				CLANG_CXX_LIBRARY = "libc++";
				CLANG_ENABLE_MODULES = YES;
				CLANG_ENABLE_OBJC_ARC = YES;
				CLANG_WARN_BLOCK_CAPTURE_AUTORELEASING = YES;
				CLANG_WARN_BOOL_CONVERSION = YES;
				CLANG_WARN_COMMA = YES;
				CLANG_WARN_CONSTANT_CONVERSION = YES;
				CLANG_WARN_DIRECT_OBJC_ISA_USAGE = YES_ERROR;
				CLANG_WARN_DOCUMENTATION_COMMENTS = YES;
				CLANG_WARN_EMPTY_BODY = YES;
				CLANG_WARN_ENUM_CONVERSION = YES;
				CLANG_WARN_INFINITE_RECURSION = YES;
				CLANG_WARN_INT_CONVERSION = YES;
				CLANG_WARN_NON_LITERAL_NULL_CONVERSION = YES;
				CLANG_WARN_OBJC_LITERAL_CONVERSION = YES;
				CLANG_WARN_OBJC_ROOT_CLASS = YES_ERROR;
				CLANG_WARN_RANGE_LOOP_ANALYSIS = YES;
				CLANG_WARN_STRICT_PROTOTYPES = YES;
				CLANG_WARN_SUSPICIOUS_MOVE = YES;
				CLANG_WARN_UNGUARDED_AVAILABILITY = YES_AGGRESSIVE;
				CLANG_WARN_UNREACHABLE_CODE = YES;
				CLANG_WARN__DUPLICATE_METHOD_MATCH = YES;
				CODE_SIGN_IDENTITY = "iPhone Developer";
				COPY_PHASE_STRIP = NO;
				DEBUG_INFORMATION_FORMAT = "dwarf-with-dsym";
				ENABLE_NS_ASSERTIONS = NO;
				ENABLE_STRICT_OBJC_MSGSEND = YES;
				GCC_C_LANGUAGE_STANDARD = gnu11;
				GCC_NO_COMMON_BLOCKS = YES;
				GCC_WARN_64_TO_32_BIT_CONVERSION = YES;
				GCC_WARN_ABOUT_RETURN_TYPE = YES_ERROR;
				GCC_WARN_UNDECLARED_SELECTOR = YES;
				GCC_WARN_UNINITIALIZED_AUTOS = YES_AGGRESSIVE;
				GCC_WARN_UNUSED_FUNCTION = YES;
				GCC_WARN_UNUSED_VARIABLE = YES;
				IPHONEOS_DEPLOYMENT_TARGET = 11.2;
				MTL_ENABLE_DEBUG_INFO = NO;
				SDKROOT = iphoneos;
				VALIDATE_PRODUCT = YES;
			};
			name = Release;
		};
		770B73CB20288D310099BC63 /* Debug */ = {
			isa = XCBuildConfiguration;
			baseConfigurationReference = 3386A72B9DF7AABF34E59FB6 /* Pods-BLEClient.debug.xcconfig */;
			buildSettings = {
				ASSETCATALOG_COMPILER_APPICON_NAME = AppIcon;
				CODE_SIGN_STYLE = Automatic;
				DEVELOPMENT_TEAM = RA8RP8Z7ML;
				INFOPLIST_FILE = BLEClient/Info.plist;
				LD_RUNPATH_SEARCH_PATHS = "$(inherited) @executable_path/Frameworks";
				PRODUCT_BUNDLE_IDENTIFIER = ITMak.BLEClient;
				PRODUCT_NAME = "$(TARGET_NAME)";
				TARGETED_DEVICE_FAMILY = 1;
			};
			name = Debug;
		};
		770B73CC20288D310099BC63 /* Release */ = {
			isa = XCBuildConfiguration;
			baseConfigurationReference = FD2C8D1B6B559C7CF8E0C27A /* Pods-BLEClient.release.xcconfig */;
			buildSettings = {
				ASSETCATALOG_COMPILER_APPICON_NAME = AppIcon;
				CODE_SIGN_STYLE = Automatic;
				DEVELOPMENT_TEAM = RA8RP8Z7ML;
				INFOPLIST_FILE = BLEClient/Info.plist;
				LD_RUNPATH_SEARCH_PATHS = "$(inherited) @executable_path/Frameworks";
				PRODUCT_BUNDLE_IDENTIFIER = ITMak.BLEClient;
				PRODUCT_NAME = "$(TARGET_NAME)";
				TARGETED_DEVICE_FAMILY = 1;
			};
			name = Release;
		};
/* End XCBuildConfiguration section */

/* Begin XCConfigurationList section */
		770B73AF20288D310099BC63 /* Build configuration list for PBXProject "BLEClient" */ = {
			isa = XCConfigurationList;
			buildConfigurations = (
				770B73C820288D310099BC63 /* Debug */,
				770B73C920288D310099BC63 /* Release */,
			);
			defaultConfigurationIsVisible = 0;
			defaultConfigurationName = Release;
		};
		770B73CA20288D310099BC63 /* Build configuration list for PBXNativeTarget "BLEClient" */ = {
			isa = XCConfigurationList;
			buildConfigurations = (
				770B73CB20288D310099BC63 /* Debug */,
				770B73CC20288D310099BC63 /* Release */,
			);
			defaultConfigurationIsVisible = 0;
			defaultConfigurationName = Release;
		};
/* End XCConfigurationList section */
	};
	rootObject = 770B73AC20288D310099BC63 /* Project object */;
}
